
Microsoft Visual Studio Solution File, Format Version 12.00
# Visual Studio Version 17
VisualStudioVersion = 17.4.33205.214
MinimumVisualStudioVersion = 10.0.40219.1
Project("{FAE04EC0-301F-11D3-BF4B-00C04F79EFBC}") = "ModernDesign", "ModernDesign.csproj", "{4182D66F-A21E-40DC-8B21-96ECBE1551BC}"
EndProject
Global
	GlobalSection(SolutionConfigurationPlatforms) = preSolution
		Debug|Any CPU = Debug|Any CPU
		Release|Any CPU = Release|Any CPU
	EndGlobalSection
	GlobalSection(ProjectConfigurationPlatforms) = postSolution
		{4182D66F-A21E-40DC-8B21-96ECBE1551BC}.Debug|Any CPU.ActiveCfg = Debug|Any CPU
		{4182D66F-A21E-40DC-8B21-96ECBE1551BC}.Debug|Any CPU.Build.0 = Debug|Any CPU
		{4182D66F-A21E-40DC-8B21-96ECBE1551BC}.Release|Any CPU.ActiveCfg = Release|Any CPU
		{4182D66F-A21E-40DC-8B21-96ECBE1551BC}.Release|Any CPU.Build.0 = Release|Any CPU
	EndGlobalSection
	GlobalSection(SolutionProperties) = preSolution
		HideSolutionNode = FALSE
	EndGlobalSection
	GlobalSection(ExtensibilityGlobals) = postSolution
		SolutionGuid = {48AA98C3-D469-430C-A4B7-BD5B52825D12}
	EndGlobalSection
EndGlobal
